
Microsoft Visual Studio Solution File, Format Version 12.00
# Visual Studio Version 16
VisualStudioVersion = 25.0.1706.8
MinimumVisualStudioVersion = 10.0.40219.1
Project("{FAE04EC0-301F-11D3-BF4B-00C04F79EFBC}") = "realtek", "realtek.csproj", "{E4176239-6E65-4748-95A5-0EA6FBEA7337}"
EndProject
Global
	GlobalSection(SolutionConfigurationPlatforms) = preSolution
		Debug|Any CPU = Debug|Any CPU
		Release|Any CPU = Release|Any CPU
	EndGlobalSection
	GlobalSection(ProjectConfigurationPlatforms) = postSolution
		{E4176239-6E65-4748-95A5-0EA6FBEA7337}.Debug|Any CPU.ActiveCfg = Debug|Any CPU
		{E4176239-6E65-4748-95A5-0EA6FBEA7337}.Debug|Any CPU.Build.0 = Debug|Any CPU
		{E4176239-6E65-4748-95A5-0EA6FBEA7337}.Release|Any CPU.ActiveCfg = Release|Any CPU
		{E4176239-6E65-4748-95A5-0EA6FBEA7337}.Release|Any CPU.Build.0 = Release|Any CPU
	EndGlobalSection
	GlobalSection(SolutionProperties) = preSolution
		HideSolutionNode = FALSE
	EndGlobalSection
	GlobalSection(ExtensibilityGlobals) = postSolution
		SolutionGuid = {12D586A5-60B8-44D7-93D0-F7D43DB70446}
	EndGlobalSection
EndGlobal
